
Microsoft Visual Studio Solution File, Format Version 12.00
# Visual Studio Version 17
VisualStudioVersion = 17.8.34330.188
MinimumVisualStudioVersion = 10.0.40219.1
Project("{FAE04EC0-301F-11D3-BF4B-00C04F79EFBC}") = "PrimaryConstructor", "PrimaryConstructor\PrimaryConstructor.csproj", "{26C5CEF8-D821-4AEC-AB6C-1F47C3BDDEA6}"
EndProject
Global
	GlobalSection(SolutionConfigurationPlatforms) = preSolution
		Debug|Any CPU = Debug|Any CPU
		Release|Any CPU = Release|Any CPU
	EndGlobalSection
	GlobalSection(ProjectConfigurationPlatforms) = postSolution
		{26C5CEF8-D821-4AEC-AB6C-1F47C3BDDEA6}.Debug|Any CPU.ActiveCfg = Debug|Any CPU
		{26C5CEF8-D821-4AEC-AB6C-1F47C3BDDEA6}.Debug|Any CPU.Build.0 = Debug|Any CPU
		{26C5CEF8-D821-4AEC-AB6C-1F47C3BDDEA6}.Release|Any CPU.ActiveCfg = Release|Any CPU
		{26C5CEF8-D821-4AEC-AB6C-1F47C3BDDEA6}.Release|Any CPU.Build.0 = Release|Any CPU
	EndGlobalSection
	GlobalSection(SolutionProperties) = preSolution
		HideSolutionNode = FALSE
	EndGlobalSection
	GlobalSection(ExtensibilityGlobals) = postSolution
		SolutionGuid = {7A4DE4BC-7089-405B-A6D0-8ADE30E942E3}
	EndGlobalSection
EndGlobal
